<?xml version="1.0" encoding="utf-8"?>
<Project ToolsVersion="4.0" xmlns="http://schemas.microsoft.com/developer/msbuild/2003">
  <ItemGroup>
    <Filter Include="src">
      <UniqueIdentifier>{99eb9ea2-58b1-4a8c-bc3b-db4600acd49a}</UniqueIdentifier>
    </Filter>
    <Filter Include="src\Server">
      <UniqueIdentifier>{08da4b3a-23f9-4378-b63a-622cabd596ee}</UniqueIdentifier>
    </Filter>
    <Filter Include="src\Client">
      <UniqueIdentifier>{5236243f-d71c-440e-873b-743afdd9fd38}</UniqueIdentifier>
    </Filter>
    <Filter Include="src\Net">
      <UniqueIdentifier>{692c59fa-13e1-4f54-b8da-6b7afc537c4a}</UniqueIdentifier>
    </Filter>
  </ItemGroup>
  <ItemGroup>
    <ClInclude Include="stdafx.h">
      <Filter>src</Filter>
    </ClInclude>
    <ClInclude Include="Include\NetErrCodes.h">
      <Filter>src</Filter>
    </ClInclude>
    <ClInclude Include="Include\Server.h">
      <Filter>src\Server</Filter>
    </ClInclude>
    <ClInclude Include="Include\Client.h">
      <Filter>src\Client</Filter>
    </ClInclude>
    <ClInclude Include="Include\Net.h">
      <Filter>src\Net</Filter>
    </ClInclude>
  </ItemGroup>
  <ItemGroup>
    <ClCompile Include="stdafx.cpp">
      <Filter>src</Filter>
    </ClCompile>
    <ClCompile Include="Server.cpp">
      <Filter>src\Server</Filter>
    </ClCompile>
    <ClCompile Include="Client.cpp">
      <Filter>src\Client</Filter>
    </ClCompile>
    <ClCompile Include="Net.cpp">
      <Filter>src\Net</Filter>
    </ClCompile>
    <ClCompile Include="Listen.cpp">
      <Filter>src\Server</Filter>
    </ClCompile>
    <ClCompile Include="Receive.cpp">
      <Filter>src\Server</Filter>
    </ClCompile>
  </ItemGroup>
</Project>